
Microsoft Visual Studio Solution File, Format Version 12.00
# Visual Studio Version 16
VisualStudioVersion = 16.0.30717.126
MinimumVisualStudioVersion = 10.0.40219.1
Project("{FAE04EC0-301F-11D3-BF4B-00C04F79EFBC}") = "ImageFilterASP", "ImageFilterASP.csproj", "{2CCA1524-0296-4C49-B297-6E01E6864FAC}"
EndProject
Global
	GlobalSection(SolutionConfigurationPlatforms) = preSolution
		Debug|Any CPU = Debug|Any CPU
		Release|Any CPU = Release|Any CPU
	EndGlobalSection
	GlobalSection(ProjectConfigurationPlatforms) = postSolution
		{2CCA1524-0296-4C49-B297-6E01E6864FAC}.Debug|Any CPU.ActiveCfg = Debug|Any CPU
		{2CCA1524-0296-4C49-B297-6E01E6864FAC}.Debug|Any CPU.Build.0 = Debug|Any CPU
		{2CCA1524-0296-4C49-B297-6E01E6864FAC}.Release|Any CPU.ActiveCfg = Release|Any CPU
		{2CCA1524-0296-4C49-B297-6E01E6864FAC}.Release|Any CPU.Build.0 = Release|Any CPU
	EndGlobalSection
	GlobalSection(SolutionProperties) = preSolution
		HideSolutionNode = FALSE
	EndGlobalSection
	GlobalSection(ExtensibilityGlobals) = postSolution
		SolutionGuid = {775988BA-B99F-4DC8-A1BF-1AD2EEDE7590}
	EndGlobalSection
EndGlobal
